// !$*UTF8*$!
{
	archiveVersion = 1;
	classes = {
	};
	objectVersion = 46;
	objects = {

/* Begin PBXBuildFile section */
		133A9B831ECA59DE009B7DB0 /* APIManager.swift in Sources */ = {isa = PBXBuildFile; fileRef = 133A9B821ECA59DE009B7DB0 /* APIManager.swift */; };
		133A9B851ECB8FC0009B7DB0 /* CountryCell.swift in Sources */ = {isa = PBXBuildFile; fileRef = 133A9B841ECB8FC0009B7DB0 /* CountryCell.swift */; };
		134418461EE33F9000CFA989 /* CountryModel.swift in Sources */ = {isa = PBXBuildFile; fileRef = 134418451EE33F9000CFA989 /* CountryModel.swift */; };
		134963611F0ED7E4001B2ECA /* DummyData.geojson in Resources */ = {isa = PBXBuildFile; fileRef = 134963601F0ED075001B2ECA /* DummyData.geojson */; };
		134C116C1ECF910100B41FFC /* APIConstant.swift in Sources */ = {isa = PBXBuildFile; fileRef = 134C116B1ECF910100B41FFC /* APIConstant.swift */; };
		1355861A1EC50AF300436A85 /* AppDelegate.swift in Sources */ = {isa = PBXBuildFile; fileRef = 135586191EC50AF300436A85 /* AppDelegate.swift */; };
		1355861C1EC50AF300436A85 /* CountryTableVC.swift in Sources */ = {isa = PBXBuildFile; fileRef = 1355861B1EC50AF300436A85 /* CountryTableVC.swift */; };
		1355861F1EC50AF300436A85 /* Main.storyboard in Resources */ = {isa = PBXBuildFile; fileRef = 1355861D1EC50AF300436A85 /* Main.storyboard */; };
		135586211EC50AF300436A85 /* Assets.xcassets in Resources */ = {isa = PBXBuildFile; fileRef = 135586201EC50AF300436A85 /* Assets.xcassets */; };
		135586241EC50AF300436A85 /* LaunchScreen.storyboard in Resources */ = {isa = PBXBuildFile; fileRef = 135586221EC50AF300436A85 /* LaunchScreen.storyboard */; };
		1356FE431F16A18900F83CE0 /* ErrorConstants.swift in Sources */ = {isa = PBXBuildFile; fileRef = 1356FE421F16A18900F83CE0 /* ErrorConstants.swift */; };
		1357BBF71F185D4F00565029 /* CountryDetailVC.swift in Sources */ = {isa = PBXBuildFile; fileRef = 1357BBF61F185D4F00565029 /* CountryDetailVC.swift */; };
/* End PBXBuildFile section */

/* Begin PBXFileReference section */
		133A9B821ECA59DE009B7DB0 /* APIManager.swift */ = {isa = PBXFileReference; fileEncoding = 4; lastKnownFileType = sourcecode.swift; path = APIManager.swift; sourceTree = "<group>"; };
		133A9B841ECB8FC0009B7DB0 /* CountryCell.swift */ = {isa = PBXFileReference; fileEncoding = 4; lastKnownFileType = sourcecode.swift; path = CountryCell.swift; sourceTree = "<group>"; };
		134418451EE33F9000CFA989 /* CountryModel.swift */ = {isa = PBXFileReference; fileEncoding = 4; lastKnownFileType = sourcecode.swift; path = CountryModel.swift; sourceTree = "<group>"; };
		134963601F0ED075001B2ECA /* DummyData.geojson */ = {isa = PBXFileReference; lastKnownFileType = text; path = DummyData.geojson; sourceTree = "<group>"; };
		134C116B1ECF910100B41FFC /* APIConstant.swift */ = {isa = PBXFileReference; fileEncoding = 4; lastKnownFileType = sourcecode.swift; path = APIConstant.swift; sourceTree = "<group>"; };
		135586161EC50AF300436A85 /* USA_Geo.app */ = {isa = PBXFileReference; explicitFileType = wrapper.application; includeInIndex = 0; path = USA_Geo.app; sourceTree = BUILT_PRODUCTS_DIR; };
		135586191EC50AF300436A85 /* AppDelegate.swift */ = {isa = PBXFileReference; lastKnownFileType = sourcecode.swift; path = AppDelegate.swift; sourceTree = "<group>"; };
		1355861B1EC50AF300436A85 /* CountryTableVC.swift */ = {isa = PBXFileReference; lastKnownFileType = sourcecode.swift; path = CountryTableVC.swift; sourceTree = "<group>"; };
		1355861E1EC50AF300436A85 /* Base */ = {isa = PBXFileReference; lastKnownFileType = file.storyboard; name = Base; path = Base.lproj/Main.storyboard; sourceTree = "<group>"; };
		135586201EC50AF300436A85 /* Assets.xcassets */ = {isa = PBXFileReference; lastKnownFileType = folder.assetcatalog; path = Assets.xcassets; sourceTree = "<group>"; };
		135586231EC50AF300436A85 /* Base */ = {isa = PBXFileReference; lastKnownFileType = file.storyboard; name = Base; path = Base.lproj/LaunchScreen.storyboard; sourceTree = "<group>"; };
		135586251EC50AF300436A85 /* Info.plist */ = {isa = PBXFileReference; lastKnownFileType = text.plist.xml; path = Info.plist; sourceTree = "<group>"; };
		1356FE421F16A18900F83CE0 /* ErrorConstants.swift */ = {isa = PBXFileReference; fileEncoding = 4; lastKnownFileType = sourcecode.swift; path = ErrorConstants.swift; sourceTree = "<group>"; };
		1357BBF61F185D4F00565029 /* CountryDetailVC.swift */ = {isa = PBXFileReference; fileEncoding = 4; lastKnownFileType = sourcecode.swift; path = CountryDetailVC.swift; sourceTree = "<group>"; };
/* End PBXFileReference section */

/* Begin PBXFrameworksBuildPhase section */
		135586131EC50AF300436A85 /* Frameworks */ = {
			isa = PBXFrameworksBuildPhase;
			buildActionMask = 2147483647;
			files = (
			);
			runOnlyForDeploymentPostprocessing = 0;
		};
/* End PBXFrameworksBuildPhase section */

/* Begin PBXGroup section */
		1355860D1EC50AF300436A85 = {
			isa = PBXGroup;
			children = (
				135586181EC50AF300436A85 /* USA_Geo */,
				135586171EC50AF300436A85 /* Products */,
			);
			sourceTree = "<group>";
		};
		135586171EC50AF300436A85 /* Products */ = {
			isa = PBXGroup;
			children = (
				135586161EC50AF300436A85 /* USA_Geo.app */,
			);
			name = Products;
			sourceTree = "<group>";
		};
		135586181EC50AF300436A85 /* USA_Geo */ = {
			isa = PBXGroup;
			children = (
				135586191EC50AF300436A85 /* AppDelegate.swift */,
				1355861B1EC50AF300436A85 /* CountryTableVC.swift */,
				1357BBF61F185D4F00565029 /* CountryDetailVC.swift */,
				134418451EE33F9000CFA989 /* CountryModel.swift */,
				133A9B841ECB8FC0009B7DB0 /* CountryCell.swift */,
				133A9B821ECA59DE009B7DB0 /* APIManager.swift */,
				134C116B1ECF910100B41FFC /* APIConstant.swift */,
				1356FE421F16A18900F83CE0 /* ErrorConstants.swift */,
				134963601F0ED075001B2ECA /* DummyData.geojson */,
				1355861D1EC50AF300436A85 /* Main.storyboard */,
				135586201EC50AF300436A85 /* Assets.xcassets */,
				135586221EC50AF300436A85 /* LaunchScreen.storyboard */,
				135586251EC50AF300436A85 /* Info.plist */,
			);
			path = USA_Geo;
			sourceTree = "<group>";
		};
/* End PBXGroup section */

/* Begin PBXNativeTarget section */
		135586151EC50AF300436A85 /* USA_Geo */ = {
			isa = PBXNativeTarget;
			buildConfigurationList = 135586281EC50AF300436A85 /* Build configuration list for PBXNativeTarget "USA_Geo" */;
			buildPhases = (
				135586121EC50AF300436A85 /* Sources */,
				135586131EC50AF300436A85 /* Frameworks */,
				135586141EC50AF300436A85 /* Resources */,
			);
			buildRules = (
			);
			dependencies = (
			);
			name = USA_Geo;
			productName = USA_Geo;
			productReference = 135586161EC50AF300436A85 /* USA_Geo.app */;
			productType = "com.apple.product-type.application";
		};
/* End PBXNativeTarget section */

/* Begin PBXProject section */
		1355860E1EC50AF300436A85 /* Project object */ = {
			isa = PBXProject;
			attributes = {
				LastSwiftUpdateCheck = 0830;
				LastUpgradeCheck = 0830;
				ORGANIZATIONNAME = Manish;
				TargetAttributes = {
					135586151EC50AF300436A85 = {
						CreatedOnToolsVersion = 8.3;
						ProvisioningStyle = Automatic;
					};
				};
			};
			buildConfigurationList = 135586111EC50AF300436A85 /* Build configuration list for PBXProject "USA_Geo" */;
			compatibilityVersion = "Xcode 3.2";
			developmentRegion = English;
			hasScannedForEncodings = 0;
			knownRegions = (
				en,
				Base,
			);
			mainGroup = 1355860D1EC50AF300436A85;
			productRefGroup = 135586171EC50AF300436A85 /* Products */;
			projectDirPath = "";
			projectRoot = "";
			targets = (
				135586151EC50AF300436A85 /* USA_Geo */,
			);
		};
/* End PBXProject section */

/* Begin PBXResourcesBuildPhase section */
		135586141EC50AF300436A85 /* Resources */ = {
			isa = PBXResourcesBuildPhase;
			buildActionMask = 2147483647;
			files = (
				135586241EC50AF300436A85 /* LaunchScreen.storyboard in Resources */,
				135586211EC50AF300436A85 /* Assets.xcassets in Resources */,
				134963611F0ED7E4001B2ECA /* DummyData.geojson in Resources */,
				1355861F1EC50AF300436A85 /* Main.storyboard in Resources */,
			);
			runOnlyForDeploymentPostprocessing = 0;
		};
/* End PBXResourcesBuildPhase section */

/* Begin PBXSourcesBuildPhase section */
		135586121EC50AF300436A85 /* Sources */ = {
			isa = PBXSourcesBuildPhase;
			buildActionMask = 2147483647;
			files = (
				1357BBF71F185D4F00565029 /* CountryDetailVC.swift in Sources */,
				133A9B831ECA59DE009B7DB0 /* APIManager.swift in Sources */,
				133A9B851ECB8FC0009B7DB0 /* CountryCell.swift in Sources */,
				1356FE431F16A18900F83CE0 /* ErrorConstants.swift in Sources */,
				134418461EE33F9000CFA989 /* CountryModel.swift in Sources */,
				1355861C1EC50AF300436A85 /* CountryTableVC.swift in Sources */,
				134C116C1ECF910100B41FFC /* APIConstant.swift in Sources */,
				1355861A1EC50AF300436A85 /* AppDelegate.swift in Sources */,
			);
			runOnlyForDeploymentPostprocessing = 0;
		};
/* End PBXSourcesBuildPhase section */

/* Begin PBXVariantGroup section */
		1355861D1EC50AF300436A85 /* Main.storyboard */ = {
			isa = PBXVariantGroup;
			children = (
				1355861E1EC50AF300436A85 /* Base */,
			);
			name = Main.storyboard;
			sourceTree = "<group>";
		};
		135586221EC50AF300436A85 /* LaunchScreen.storyboard */ = {
			isa = PBXVariantGroup;
			children = (
				135586231EC50AF300436A85 /* Base */,
			);
			name = LaunchScreen.storyboard;
			sourceTree = "<group>";
		};
/* End PBXVariantGroup section */

/* Begin XCBuildConfiguration section */
		135586261EC50AF300436A85 /* Debug */ = {
			isa = XCBuildConfiguration;
			buildSettings = {
				ALWAYS_SEARCH_USER_PATHS = NO;
				CLANG_ANALYZER_NONNULL = YES;
				CLANG_ANALYZER_NUMBER_OBJECT_CONVERSION = YES_AGGRESSIVE;
				CLANG_CXX_LANGUAGE_STANDARD = "gnu++0x";
				CLANG_CXX_LIBRARY = "libc++";
				CLANG_ENABLE_MODULES = YES;
				CLANG_ENABLE_OBJC_ARC = YES;
				CLANG_WARN_BOOL_CONVERSION = YES;
				CLANG_WARN_CONSTANT_CONVERSION = YES;
				CLANG_WARN_DIRECT_OBJC_ISA_USAGE = YES_ERROR;
				CLANG_WARN_DOCUMENTATION_COMMENTS = YES;
				CLANG_WARN_EMPTY_BODY = YES;
				CLANG_WARN_ENUM_CONVERSION = YES;
				CLANG_WARN_INFINITE_RECURSION = YES;
				CLANG_WARN_INT_CONVERSION = YES;
				CLANG_WARN_OBJC_ROOT_CLASS = YES_ERROR;
				CLANG_WARN_SUSPICIOUS_MOVE = YES;
				CLANG_WARN_UNREACHABLE_CODE = YES;
				CLANG_WARN__DUPLICATE_METHOD_MATCH = YES;
				"CODE_SIGN_IDENTITY[sdk=iphoneos*]" = "iPhone Developer";
				COPY_PHASE_STRIP = NO;
				DEBUG_INFORMATION_FORMAT = dwarf;
				ENABLE_STRICT_OBJC_MSGSEND = YES;
				ENABLE_TESTABILITY = YES;
				GCC_C_LANGUAGE_STANDARD = gnu99;
				GCC_DYNAMIC_NO_PIC = NO;
				GCC_NO_COMMON_BLOCKS = YES;
				GCC_OPTIMIZATION_LEVEL = 0;
				GCC_PREPROCESSOR_DEFINITIONS = (
					"DEBUG=1",
					"$(inherited)",
				);
				GCC_WARN_64_TO_32_BIT_CONVERSION = YES;
				GCC_WARN_ABOUT_RETURN_TYPE = YES_ERROR;
				GCC_WARN_UNDECLARED_SELECTOR = YES;
				GCC_WARN_UNINITIALIZED_AUTOS = YES_AGGRESSIVE;
				GCC_WARN_UNUSED_FUNCTION = YES;
				GCC_WARN_UNUSED_VARIABLE = YES;
				IPHONEOS_DEPLOYMENT_TARGET = 10.3;
				MTL_ENABLE_DEBUG_INFO = YES;
				ONLY_ACTIVE_ARCH = YES;
				SDKROOT = iphoneos;
				SWIFT_ACTIVE_COMPILATION_CONDITIONS = DEBUG;
				SWIFT_OPTIMIZATION_LEVEL = "-Onone";
				TARGETED_DEVICE_FAMILY = "1,2";
			};
			name = Debug;
		};
		135586271EC50AF300436A85 /* Release */ = {
			isa = XCBuildConfiguration;
			buildSettings = {
				ALWAYS_SEARCH_USER_PATHS = NO;
				CLANG_ANALYZER_NONNULL = YES;
				CLANG_ANALYZER_NUMBER_OBJECT_CONVERSION = YES_AGGRESSIVE;
				CLANG_CXX_LANGUAGE_STANDARD = "gnu++0x";
				CLANG_CXX_LIBRARY = "libc++";
				CLANG_ENABLE_MODULES = YES;
				CLANG_ENABLE_OBJC_ARC = YES;
				CLANG_WARN_BOOL_CONVERSION = YES;
				CLANG_WARN_CONSTANT_CONVERSION = YES;
				CLANG_WARN_DIRECT_OBJC_ISA_USAGE = YES_ERROR;
				CLANG_WARN_DOCUMENTATION_COMMENTS = YES;
				CLANG_WARN_EMPTY_BODY = YES;
				CLANG_WARN_ENUM_CONVERSION = YES;
				CLANG_WARN_INFINITE_RECURSION = YES;
				CLANG_WARN_INT_CONVERSION = YES;
				CLANG_WARN_OBJC_ROOT_CLASS = YES_ERROR;
				CLANG_WARN_SUSPICIOUS_MOVE = YES;
				CLANG_WARN_UNREACHABLE_CODE = YES;
				CLANG_WARN__DUPLICATE_METHOD_MATCH = YES;
				"CODE_SIGN_IDENTITY[sdk=iphoneos*]" = "iPhone Developer";
				COPY_PHASE_STRIP = NO;
				DEBUG_INFORMATION_FORMAT = "dwarf-with-dsym";
				ENABLE_NS_ASSERTIONS = NO;
				ENABLE_STRICT_OBJC_MSGSEND = YES;
				GCC_C_LANGUAGE_STANDARD = gnu99;
				GCC_NO_COMMON_BLOCKS = YES;
				GCC_WARN_64_TO_32_BIT_CONVERSION = YES;
				GCC_WARN_ABOUT_RETURN_TYPE = YES_ERROR;
				GCC_WARN_UNDECLARED_SELECTOR = YES;
				GCC_WARN_UNINITIALIZED_AUTOS = YES_AGGRESSIVE;
				GCC_WARN_UNUSED_FUNCTION = YES;
				GCC_WARN_UNUSED_VARIABLE = YES;
				IPHONEOS_DEPLOYMENT_TARGET = 10.3;
				MTL_ENABLE_DEBUG_INFO = NO;
				SDKROOT = iphoneos;
				SWIFT_OPTIMIZATION_LEVEL = "-Owholemodule";
				TARGETED_DEVICE_FAMILY = "1,2";
				VALIDATE_PRODUCT = YES;
			};
			name = Release;
		};
		135586291EC50AF300436A85 /* Debug */ = {
			isa = XCBuildConfiguration;
			buildSettings = {
				ASSETCATALOG_COMPILER_APPICON_NAME = AppIcon;
				INFOPLIST_FILE = USA_Geo/Info.plist;
				LD_RUNPATH_SEARCH_PATHS = "$(inherited) @executable_path/Frameworks";
				PRODUCT_BUNDLE_IDENTIFIER = "Manish.USA-Geo";
				PRODUCT_NAME = "$(TARGET_NAME)";
				SWIFT_VERSION = 3.0;
			};
			name = Debug;
		};
		1355862A1EC50AF300436A85 /* Release */ = {
			isa = XCBuildConfiguration;
			buildSettings = {
				ASSETCATALOG_COMPILER_APPICON_NAME = AppIcon;
				INFOPLIST_FILE = USA_Geo/Info.plist;
				LD_RUNPATH_SEARCH_PATHS = "$(inherited) @executable_path/Frameworks";
				PRODUCT_BUNDLE_IDENTIFIER = "Manish.USA-Geo";
				PRODUCT_NAME = "$(TARGET_NAME)";
				SWIFT_VERSION = 3.0;
			};
			name = Release;
		};
/* End XCBuildConfiguration section */

/* Begin XCConfigurationList section */
		135586111EC50AF300436A85 /* Build configuration list for PBXProject "USA_Geo" */ = {
			isa = XCConfigurationList;
			buildConfigurations = (
				135586261EC50AF300436A85 /* Debug */,
				135586271EC50AF300436A85 /* Release */,
			);
			defaultConfigurationIsVisible = 0;
			defaultConfigurationName = Release;
		};
		135586281EC50AF300436A85 /* Build configuration list for PBXNativeTarget "USA_Geo" */ = {
			isa = XCConfigurationList;
			buildConfigurations = (
				135586291EC50AF300436A85 /* Debug */,
				1355862A1EC50AF300436A85 /* Release */,
			);
			defaultConfigurationIsVisible = 0;
			defaultConfigurationName = Release;
		};
/* End XCConfigurationList section */
	};
	rootObject = 1355860E1EC50AF300436A85 /* Project object */;
}
